# Bun lockfile v1
# This file is auto-generated by bun install
# Manual edits will be overwritten

{
  "lockfileVersion": 1,
  "workspaces": {
    "": {
      "name": "kalshbookweb",
      "dependencies": {}
    },
    "opensouls/packages/kalshagent-soul": {
      "name": "kalshagent-soul",
      "dependencies": {
        "@opensouls/engine": "^0.1.0"
      }
    }
  },
  "packages": {
    "@opensouls/engine": ["@opensouls/engine@0.1.0", "", {
      "dependencies": {
        "zod": "^3.22.0"
      }
    }]
  }
}
